<?xml version="1.0" encoding="UTF-8"?>
<Project ToolsVersion="15.0" xmlns="http://schemas.microsoft.com/developer/msbuild/2003">
  <ItemGroup>
    <CustomBuild Include="D:\Uni Work\MDS\Physics\ClothRepo\BulletPhysics\CMakeFiles\4b7d61c4562bc916dab61e45d6a3e28b\INSTALL_force.rule">
      <Filter>CMake Rules</Filter>
    </CustomBuild>
  </ItemGroup>
  <ItemGroup>
    <Filter Include="CMake Rules">
      <UniqueIdentifier>{4F8A8070-BE48-3488-9302-1F7C724FC593}</UniqueIdentifier>
    </Filter>
  </ItemGroup>
</Project>
