Microsoft Visual Studio Solution File, Format Version 12.00
# Visual Studio 15
Project("{8BC9CEB8-8B4A-11D0-8D11-00A0C91BC942}") = "ALL_BUILD", "ALL_BUILD.vcxproj", "{7DA91C35-083E-3444-B4CD-C00653259385}"
	ProjectSection(ProjectDependencies) = postProject
		{F35EF984-95A5-3E66-8EB7-CAADA5D58B2F} = {F35EF984-95A5-3E66-8EB7-CAADA5D58B2F}
		{07E4E1B5-0413-33D2-868B-14D7C8703EF4} = {07E4E1B5-0413-33D2-868B-14D7C8703EF4}
		{19C97FBF-2BB3-344D-BCC3-CAFED946F04A} = {19C97FBF-2BB3-344D-BCC3-CAFED946F04A}
		{2698BC90-18B3-3452-9152-1638C0CA1720} = {2698BC90-18B3-3452-9152-1638C0CA1720}
		{F0DC4CA0-9B3F-3DC4-B80E-6010672106B2} = {F0DC4CA0-9B3F-3DC4-B80E-6010672106B2}
		{169196A5-07AB-3542-BA57-CB5F9AA996D0} = {169196A5-07AB-3542-BA57-CB5F9AA996D0}
		{427818C9-C249-3D0D-A80C-4D997376E07E} = {427818C9-C249-3D0D-A80C-4D997376E07E}
		{F53F4863-B5B7-36B6-AE06-F91452089F9F} = {F53F4863-B5B7-36B6-AE06-F91452089F9F}
		{D19CB633-5AB2-3A44-829E-870410AEAB50} = {D19CB633-5AB2-3A44-829E-870410AEAB50}
		{69358739-2C99-3848-ACA1-A47394465B83} = {69358739-2C99-3848-ACA1-A47394465B83}
		{14239BD9-4276-337E-92AD-62DDD929FC04} = {14239BD9-4276-337E-92AD-62DDD929FC04}
		{DC45121B-2E69-3136-B93D-BC0452ED68B9} = {DC45121B-2E69-3136-B93D-BC0452ED68B9}
		{A7484B72-0A90-3B92-A618-6953935B179A} = {A7484B72-0A90-3B92-A618-6953935B179A}
		{71AE2FE0-3F18-34A0-B5D9-8A824E1553C9} = {71AE2FE0-3F18-34A0-B5D9-8A824E1553C9}
		{2B50B984-DD5D-3729-8D9D-864F9D0B6A54} = {2B50B984-DD5D-3729-8D9D-864F9D0B6A54}
		{51F3E36F-85E0-35F5-B051-393FDCCE3921} = {51F3E36F-85E0-35F5-B051-393FDCCE3921}
		{DBE8BA33-150E-32D1-83DE-863D892726A5} = {DBE8BA33-150E-32D1-83DE-863D892726A5}
		{5E3920FE-FF62-31C3-94A9-6E28BC6C3C8C} = {5E3920FE-FF62-31C3-94A9-6E28BC6C3C8C}
		{35241BD4-061C-3A3E-A392-F9F95C26074E} = {35241BD4-061C-3A3E-A392-F9F95C26074E}
		{75968033-7349-3E4C-84A7-1EF55206E20F} = {75968033-7349-3E4C-84A7-1EF55206E20F}
		{670B7521-E507-3F17-902D-EE1A627ED889} = {670B7521-E507-3F17-902D-EE1A627ED889}
		{426C8113-D9BF-343F-B0ED-8B77342E8F49} = {426C8113-D9BF-343F-B0ED-8B77342E8F49}
		{A2492AD1-26B3-37FA-9422-8F258064F309} = {A2492AD1-26B3-37FA-9422-8F258064F309}
		{DF64DF80-9458-3964-A3CE-09C3C5541D2F} = {DF64DF80-9458-3964-A3CE-09C3C5541D2F}
		{21284F7C-687C-30AB-AD88-31D18B298ACB} = {21284F7C-687C-30AB-AD88-31D18B298ACB}
		{EFF973C3-3E53-3090-AF1E-67223C5CCB66} = {EFF973C3-3E53-3090-AF1E-67223C5CCB66}
		{4C8878F0-56C5-3D6B-A730-CF19897DFCAD} = {4C8878F0-56C5-3D6B-A730-CF19897DFCAD}
		{9DA07583-4D82-395B-B041-3C56E8E5E823} = {9DA07583-4D82-395B-B041-3C56E8E5E823}
		{78AD6BF5-580D-3EC5-A081-0990207FF91A} = {78AD6BF5-580D-3EC5-A081-0990207FF91A}
		{326F5E2E-7DE4-37E8-9279-3CEB22E10291} = {326F5E2E-7DE4-37E8-9279-3CEB22E10291}
		{FD342F90-539A-3085-B91E-BFA4FDC38C72} = {FD342F90-539A-3085-B91E-BFA4FDC38C72}
		{88FDCBCB-9D6B-323F-BC5A-02E8AF9F343F} = {88FDCBCB-9D6B-323F-BC5A-02E8AF9F343F}
		{3F8133A8-3E71-3C64-8F04-E45B8958EB05} = {3F8133A8-3E71-3C64-8F04-E45B8958EB05}
		{B4E200AF-12F4-36EF-90E5-EE3AA11F64C7} = {B4E200AF-12F4-36EF-90E5-EE3AA11F64C7}
		{4071558B-D56D-3113-903B-8D82048191DF} = {4071558B-D56D-3113-903B-8D82048191DF}
		{DDB74FDA-9082-3BF5-953A-25082E4E49A8} = {DDB74FDA-9082-3BF5-953A-25082E4E49A8}
		{FF1712ED-2159-3575-A4DC-8C9052D08C36} = {FF1712ED-2159-3575-A4DC-8C9052D08C36}
		{A57F2742-2E2C-3AE9-BF82-6A8F05D780B4} = {A57F2742-2E2C-3AE9-BF82-6A8F05D780B4}
		{4D566E7A-812A-34F3-B874-F1EB13D24BB2} = {4D566E7A-812A-34F3-B874-F1EB13D24BB2}
		{6867A373-2694-34C5-8A08-9F077772EC3E} = {6867A373-2694-34C5-8A08-9F077772EC3E}
		{DAD48F19-CADE-3C8D-BCDE-41C21CB7C030} = {DAD48F19-CADE-3C8D-BCDE-41C21CB7C030}
	EndProjectSection
EndProject
Project("{8BC9CEB8-8B4A-11D0-8D11-00A0C91BC942}") = "AppBasicExampleGui", "examples\BasicDemo\AppBasicExampleGui.vcxproj", "{F35EF984-95A5-3E66-8EB7-CAADA5D58B2F}"
	ProjectSection(ProjectDependencies) = postProject
		{DC45121B-2E69-3136-B93D-BC0452ED68B9} = {DC45121B-2E69-3136-B93D-BC0452ED68B9}
		{51F3E36F-85E0-35F5-B051-393FDCCE3921} = {51F3E36F-85E0-35F5-B051-393FDCCE3921}
		{DBE8BA33-150E-32D1-83DE-863D892726A5} = {DBE8BA33-150E-32D1-83DE-863D892726A5}
		{78AD6BF5-580D-3EC5-A081-0990207FF91A} = {78AD6BF5-580D-3EC5-A081-0990207FF91A}
		{326F5E2E-7DE4-37E8-9279-3CEB22E10291} = {326F5E2E-7DE4-37E8-9279-3CEB22E10291}
		{A57F2742-2E2C-3AE9-BF82-6A8F05D780B4} = {A57F2742-2E2C-3AE9-BF82-6A8F05D780B4}
	EndProjectSection
EndProject
Project("{8BC9CEB8-8B4A-11D0-8D11-00A0C91BC942}") = "App_BasicExample", "examples\BasicDemo\App_BasicExample.vcxproj", "{07E4E1B5-0413-33D2-868B-14D7C8703EF4}"
	ProjectSection(ProjectDependencies) = postProject
		{51F3E36F-85E0-35F5-B051-393FDCCE3921} = {51F3E36F-85E0-35F5-B051-393FDCCE3921}
		{DBE8BA33-150E-32D1-83DE-863D892726A5} = {DBE8BA33-150E-32D1-83DE-863D892726A5}
		{78AD6BF5-580D-3EC5-A081-0990207FF91A} = {78AD6BF5-580D-3EC5-A081-0990207FF91A}
		{A57F2742-2E2C-3AE9-BF82-6A8F05D780B4} = {A57F2742-2E2C-3AE9-BF82-6A8F05D780B4}
	EndProjectSection
EndProject
Project("{8BC9CEB8-8B4A-11D0-8D11-00A0C91BC942}") = "App_ExampleBrowser", "examples\ExampleBrowser\App_ExampleBrowser.vcxproj", "{19C97FBF-2BB3-344D-BCC3-CAFED946F04A}"
	ProjectSection(ProjectDependencies) = postProject
		{DC45121B-2E69-3136-B93D-BC0452ED68B9} = {DC45121B-2E69-3136-B93D-BC0452ED68B9}
		{51F3E36F-85E0-35F5-B051-393FDCCE3921} = {51F3E36F-85E0-35F5-B051-393FDCCE3921}
		{DBE8BA33-150E-32D1-83DE-863D892726A5} = {DBE8BA33-150E-32D1-83DE-863D892726A5}
		{5E3920FE-FF62-31C3-94A9-6E28BC6C3C8C} = {5E3920FE-FF62-31C3-94A9-6E28BC6C3C8C}
		{75968033-7349-3E4C-84A7-1EF55206E20F} = {75968033-7349-3E4C-84A7-1EF55206E20F}
		{670B7521-E507-3F17-902D-EE1A627ED889} = {670B7521-E507-3F17-902D-EE1A627ED889}
		{426C8113-D9BF-343F-B0ED-8B77342E8F49} = {426C8113-D9BF-343F-B0ED-8B77342E8F49}
		{21284F7C-687C-30AB-AD88-31D18B298ACB} = {21284F7C-687C-30AB-AD88-31D18B298ACB}
		{78AD6BF5-580D-3EC5-A081-0990207FF91A} = {78AD6BF5-580D-3EC5-A081-0990207FF91A}
		{326F5E2E-7DE4-37E8-9279-3CEB22E10291} = {326F5E2E-7DE4-37E8-9279-3CEB22E10291}
		{A57F2742-2E2C-3AE9-BF82-6A8F05D780B4} = {A57F2742-2E2C-3AE9-BF82-6A8F05D780B4}
		{DAD48F19-CADE-3C8D-BCDE-41C21CB7C030} = {DAD48F19-CADE-3C8D-BCDE-41C21CB7C030}
	EndProjectSection
EndProject
Project("{8BC9CEB8-8B4A-11D0-8D11-00A0C91BC942}") = "App_HelloWorld", "examples\HelloWorld\App_HelloWorld.vcxproj", "{2698BC90-18B3-3452-9152-1638C0CA1720}"
	ProjectSection(ProjectDependencies) = postProject
		{51F3E36F-85E0-35F5-B051-393FDCCE3921} = {51F3E36F-85E0-35F5-B051-393FDCCE3921}
		{DBE8BA33-150E-32D1-83DE-863D892726A5} = {DBE8BA33-150E-32D1-83DE-863D892726A5}
		{78AD6BF5-580D-3EC5-A081-0990207FF91A} = {78AD6BF5-580D-3EC5-A081-0990207FF91A}
		{A57F2742-2E2C-3AE9-BF82-6A8F05D780B4} = {A57F2742-2E2C-3AE9-BF82-6A8F05D780B4}
	EndProjectSection
EndProject
Project("{8BC9CEB8-8B4A-11D0-8D11-00A0C91BC942}") = "App_PhysicsServer_SharedMemory", "examples\SharedMemory\App_PhysicsServer_SharedMemory.vcxproj", "{F0DC4CA0-9B3F-3DC4-B80E-6010672106B2}"
	ProjectSection(ProjectDependencies) = postProject
		{DC45121B-2E69-3136-B93D-BC0452ED68B9} = {DC45121B-2E69-3136-B93D-BC0452ED68B9}
		{51F3E36F-85E0-35F5-B051-393FDCCE3921} = {51F3E36F-85E0-35F5-B051-393FDCCE3921}
		{DBE8BA33-150E-32D1-83DE-863D892726A5} = {DBE8BA33-150E-32D1-83DE-863D892726A5}
		{35241BD4-061C-3A3E-A392-F9F95C26074E} = {35241BD4-061C-3A3E-A392-F9F95C26074E}
		{75968033-7349-3E4C-84A7-1EF55206E20F} = {75968033-7349-3E4C-84A7-1EF55206E20F}
		{670B7521-E507-3F17-902D-EE1A627ED889} = {670B7521-E507-3F17-902D-EE1A627ED889}
		{A2492AD1-26B3-37FA-9422-8F258064F309} = {A2492AD1-26B3-37FA-9422-8F258064F309}
		{21284F7C-687C-30AB-AD88-31D18B298ACB} = {21284F7C-687C-30AB-AD88-31D18B298ACB}
		{78AD6BF5-580D-3EC5-A081-0990207FF91A} = {78AD6BF5-580D-3EC5-A081-0990207FF91A}
		{A57F2742-2E2C-3AE9-BF82-6A8F05D780B4} = {A57F2742-2E2C-3AE9-BF82-6A8F05D780B4}
	EndProjectSection
EndProject
Project("{8BC9CEB8-8B4A-11D0-8D11-00A0C91BC942}") = "App_PhysicsServer_SharedMemory_GUI", "examples\SharedMemory\App_PhysicsServer_SharedMemory_GUI.vcxproj", "{169196A5-07AB-3542-BA57-CB5F9AA996D0}"
	ProjectSection(ProjectDependencies) = postProject
		{DC45121B-2E69-3136-B93D-BC0452ED68B9} = {DC45121B-2E69-3136-B93D-BC0452ED68B9}
		{51F3E36F-85E0-35F5-B051-393FDCCE3921} = {51F3E36F-85E0-35F5-B051-393FDCCE3921}
		{DBE8BA33-150E-32D1-83DE-863D892726A5} = {DBE8BA33-150E-32D1-83DE-863D892726A5}
		{35241BD4-061C-3A3E-A392-F9F95C26074E} = {35241BD4-061C-3A3E-A392-F9F95C26074E}
		{75968033-7349-3E4C-84A7-1EF55206E20F} = {75968033-7349-3E4C-84A7-1EF55206E20F}
		{670B7521-E507-3F17-902D-EE1A627ED889} = {670B7521-E507-3F17-902D-EE1A627ED889}
		{A2492AD1-26B3-37FA-9422-8F258064F309} = {A2492AD1-26B3-37FA-9422-8F258064F309}
		{21284F7C-687C-30AB-AD88-31D18B298ACB} = {21284F7C-687C-30AB-AD88-31D18B298ACB}
		{78AD6BF5-580D-3EC5-A081-0990207FF91A} = {78AD6BF5-580D-3EC5-A081-0990207FF91A}
		{326F5E2E-7DE4-37E8-9279-3CEB22E10291} = {326F5E2E-7DE4-37E8-9279-3CEB22E10291}
		{A57F2742-2E2C-3AE9-BF82-6A8F05D780B4} = {A57F2742-2E2C-3AE9-BF82-6A8F05D780B4}
	EndProjectSection
EndProject
Project("{8BC9CEB8-8B4A-11D0-8D11-00A0C91BC942}") = "App_PhysicsServer_SharedMemory_VR", "examples\SharedMemory\App_PhysicsServer_SharedMemory_VR.vcxproj", "{427818C9-C249-3D0D-A80C-4D997376E07E}"
	ProjectSection(ProjectDependencies) = postProject
		{DC45121B-2E69-3136-B93D-BC0452ED68B9} = {DC45121B-2E69-3136-B93D-BC0452ED68B9}
		{51F3E36F-85E0-35F5-B051-393FDCCE3921} = {51F3E36F-85E0-35F5-B051-393FDCCE3921}
		{DBE8BA33-150E-32D1-83DE-863D892726A5} = {DBE8BA33-150E-32D1-83DE-863D892726A5}
		{35241BD4-061C-3A3E-A392-F9F95C26074E} = {35241BD4-061C-3A3E-A392-F9F95C26074E}
		{75968033-7349-3E4C-84A7-1EF55206E20F} = {75968033-7349-3E4C-84A7-1EF55206E20F}
		{670B7521-E507-3F17-902D-EE1A627ED889} = {670B7521-E507-3F17-902D-EE1A627ED889}
		{A2492AD1-26B3-37FA-9422-8F258064F309} = {A2492AD1-26B3-37FA-9422-8F258064F309}
		{21284F7C-687C-30AB-AD88-31D18B298ACB} = {21284F7C-687C-30AB-AD88-31D18B298ACB}
		{78AD6BF5-580D-3EC5-A081-0990207FF91A} = {78AD6BF5-580D-3EC5-A081-0990207FF91A}
		{326F5E2E-7DE4-37E8-9279-3CEB22E10291} = {326F5E2E-7DE4-37E8-9279-3CEB22E10291}
		{A57F2742-2E2C-3AE9-BF82-6A8F05D780B4} = {A57F2742-2E2C-3AE9-BF82-6A8F05D780B4}
	EndProjectSection
EndProject
Project("{8BC9CEB8-8B4A-11D0-8D11-00A0C91BC942}") = "App_RobotSimulator", "examples\RobotSimulator\App_RobotSimulator.vcxproj", "{F53F4863-B5B7-36B6-AE06-F91452089F9F}"
	ProjectSection(ProjectDependencies) = postProject
		{DC45121B-2E69-3136-B93D-BC0452ED68B9} = {DC45121B-2E69-3136-B93D-BC0452ED68B9}
		{51F3E36F-85E0-35F5-B051-393FDCCE3921} = {51F3E36F-85E0-35F5-B051-393FDCCE3921}
		{DBE8BA33-150E-32D1-83DE-863D892726A5} = {DBE8BA33-150E-32D1-83DE-863D892726A5}
		{5E3920FE-FF62-31C3-94A9-6E28BC6C3C8C} = {5E3920FE-FF62-31C3-94A9-6E28BC6C3C8C}
		{35241BD4-061C-3A3E-A392-F9F95C26074E} = {35241BD4-061C-3A3E-A392-F9F95C26074E}
		{75968033-7349-3E4C-84A7-1EF55206E20F} = {75968033-7349-3E4C-84A7-1EF55206E20F}
		{670B7521-E507-3F17-902D-EE1A627ED889} = {670B7521-E507-3F17-902D-EE1A627ED889}
		{426C8113-D9BF-343F-B0ED-8B77342E8F49} = {426C8113-D9BF-343F-B0ED-8B77342E8F49}
		{A2492AD1-26B3-37FA-9422-8F258064F309} = {A2492AD1-26B3-37FA-9422-8F258064F309}
		{21284F7C-687C-30AB-AD88-31D18B298ACB} = {21284F7C-687C-30AB-AD88-31D18B298ACB}
		{78AD6BF5-580D-3EC5-A081-0990207FF91A} = {78AD6BF5-580D-3EC5-A081-0990207FF91A}
		{326F5E2E-7DE4-37E8-9279-3CEB22E10291} = {326F5E2E-7DE4-37E8-9279-3CEB22E10291}
		{A57F2742-2E2C-3AE9-BF82-6A8F05D780B4} = {A57F2742-2E2C-3AE9-BF82-6A8F05D780B4}
		{DAD48F19-CADE-3C8D-BCDE-41C21CB7C030} = {DAD48F19-CADE-3C8D-BCDE-41C21CB7C030}
	EndProjectSection
EndProject
Project("{8BC9CEB8-8B4A-11D0-8D11-00A0C91BC942}") = "App_obj2sdf", "Extras\obj2sdf\App_obj2sdf.vcxproj", "{D19CB633-5AB2-3A44-829E-870410AEAB50}"
	ProjectSection(ProjectDependencies) = postProject
		{DC45121B-2E69-3136-B93D-BC0452ED68B9} = {DC45121B-2E69-3136-B93D-BC0452ED68B9}
		{A57F2742-2E2C-3AE9-BF82-6A8F05D780B4} = {A57F2742-2E2C-3AE9-BF82-6A8F05D780B4}
	EndProjectSection
EndProject
Project("{8BC9CEB8-8B4A-11D0-8D11-00A0C91BC942}") = "Bullet2FileLoader", "src\Bullet3Serialize\Bullet2FileLoader\Bullet2FileLoader.vcxproj", "{69358739-2C99-3848-ACA1-A47394465B83}"
	ProjectSection(ProjectDependencies) = postProject
		{A57F2742-2E2C-3AE9-BF82-6A8F05D780B4} = {A57F2742-2E2C-3AE9-BF82-6A8F05D780B4}
	EndProjectSection
EndProject
Project("{8BC9CEB8-8B4A-11D0-8D11-00A0C91BC942}") = "Bullet3Collision", "src\Bullet3Collision\Bullet3Collision.vcxproj", "{14239BD9-4276-337E-92AD-62DDD929FC04}"
	ProjectSection(ProjectDependencies) = postProject
		{A57F2742-2E2C-3AE9-BF82-6A8F05D780B4} = {A57F2742-2E2C-3AE9-BF82-6A8F05D780B4}
	EndProjectSection
EndProject
Project("{8BC9CEB8-8B4A-11D0-8D11-00A0C91BC942}") = "Bullet3Common", "src\Bullet3Common\Bullet3Common.vcxproj", "{DC45121B-2E69-3136-B93D-BC0452ED68B9}"
	ProjectSection(ProjectDependencies) = postProject
		{A57F2742-2E2C-3AE9-BF82-6A8F05D780B4} = {A57F2742-2E2C-3AE9-BF82-6A8F05D780B4}
	EndProjectSection
EndProject
Project("{8BC9CEB8-8B4A-11D0-8D11-00A0C91BC942}") = "Bullet3Dynamics", "src\Bullet3Dynamics\Bullet3Dynamics.vcxproj", "{A7484B72-0A90-3B92-A618-6953935B179A}"
	ProjectSection(ProjectDependencies) = postProject
		{A57F2742-2E2C-3AE9-BF82-6A8F05D780B4} = {A57F2742-2E2C-3AE9-BF82-6A8F05D780B4}
	EndProjectSection
EndProject
Project("{8BC9CEB8-8B4A-11D0-8D11-00A0C91BC942}") = "Bullet3Geometry", "src\Bullet3Geometry\Bullet3Geometry.vcxproj", "{71AE2FE0-3F18-34A0-B5D9-8A824E1553C9}"
	ProjectSection(ProjectDependencies) = postProject
		{A57F2742-2E2C-3AE9-BF82-6A8F05D780B4} = {A57F2742-2E2C-3AE9-BF82-6A8F05D780B4}
	EndProjectSection
EndProject
Project("{8BC9CEB8-8B4A-11D0-8D11-00A0C91BC942}") = "Bullet3OpenCL_clew", "src\Bullet3OpenCL\Bullet3OpenCL_clew.vcxproj", "{2B50B984-DD5D-3729-8D9D-864F9D0B6A54}"
	ProjectSection(ProjectDependencies) = postProject
		{A57F2742-2E2C-3AE9-BF82-6A8F05D780B4} = {A57F2742-2E2C-3AE9-BF82-6A8F05D780B4}
	EndProjectSection
EndProject
Project("{8BC9CEB8-8B4A-11D0-8D11-00A0C91BC942}") = "BulletCollision", "src\BulletCollision\BulletCollision.vcxproj", "{51F3E36F-85E0-35F5-B051-393FDCCE3921}"
	ProjectSection(ProjectDependencies) = postProject
		{A57F2742-2E2C-3AE9-BF82-6A8F05D780B4} = {A57F2742-2E2C-3AE9-BF82-6A8F05D780B4}
	EndProjectSection
EndProject
Project("{8BC9CEB8-8B4A-11D0-8D11-00A0C91BC942}") = "BulletDynamics", "src\BulletDynamics\BulletDynamics.vcxproj", "{DBE8BA33-150E-32D1-83DE-863D892726A5}"
	ProjectSection(ProjectDependencies) = postProject
		{A57F2742-2E2C-3AE9-BF82-6A8F05D780B4} = {A57F2742-2E2C-3AE9-BF82-6A8F05D780B4}
	EndProjectSection
EndProject
Project("{8BC9CEB8-8B4A-11D0-8D11-00A0C91BC942}") = "BulletExampleBrowserLib", "examples\ExampleBrowser\BulletExampleBrowserLib.vcxproj", "{5E3920FE-FF62-31C3-94A9-6E28BC6C3C8C}"
	ProjectSection(ProjectDependencies) = postProject
		{A57F2742-2E2C-3AE9-BF82-6A8F05D780B4} = {A57F2742-2E2C-3AE9-BF82-6A8F05D780B4}
	EndProjectSection
EndProject
Project("{8BC9CEB8-8B4A-11D0-8D11-00A0C91BC942}") = "BulletFileLoader", "Extras\Serialize\BulletFileLoader\BulletFileLoader.vcxproj", "{35241BD4-061C-3A3E-A392-F9F95C26074E}"
	ProjectSection(ProjectDependencies) = postProject
		{A57F2742-2E2C-3AE9-BF82-6A8F05D780B4} = {A57F2742-2E2C-3AE9-BF82-6A8F05D780B4}
	EndProjectSection
EndProject
Project("{8BC9CEB8-8B4A-11D0-8D11-00A0C91BC942}") = "BulletInverseDynamics", "src\BulletInverseDynamics\BulletInverseDynamics.vcxproj", "{75968033-7349-3E4C-84A7-1EF55206E20F}"
	ProjectSection(ProjectDependencies) = postProject
		{A57F2742-2E2C-3AE9-BF82-6A8F05D780B4} = {A57F2742-2E2C-3AE9-BF82-6A8F05D780B4}
	EndProjectSection
EndProject
Project("{8BC9CEB8-8B4A-11D0-8D11-00A0C91BC942}") = "BulletInverseDynamicsUtils", "Extras\InverseDynamics\BulletInverseDynamicsUtils.vcxproj", "{670B7521-E507-3F17-902D-EE1A627ED889}"
	ProjectSection(ProjectDependencies) = postProject
		{A57F2742-2E2C-3AE9-BF82-6A8F05D780B4} = {A57F2742-2E2C-3AE9-BF82-6A8F05D780B4}
	EndProjectSection
EndProject
Project("{8BC9CEB8-8B4A-11D0-8D11-00A0C91BC942}") = "BulletSoftBody", "src\BulletSoftBody\BulletSoftBody.vcxproj", "{426C8113-D9BF-343F-B0ED-8B77342E8F49}"
	ProjectSection(ProjectDependencies) = postProject
		{A57F2742-2E2C-3AE9-BF82-6A8F05D780B4} = {A57F2742-2E2C-3AE9-BF82-6A8F05D780B4}
	EndProjectSection
EndProject
Project("{8BC9CEB8-8B4A-11D0-8D11-00A0C91BC942}") = "BulletWorldImporter", "Extras\Serialize\BulletWorldImporter\BulletWorldImporter.vcxproj", "{A2492AD1-26B3-37FA-9422-8F258064F309}"
	ProjectSection(ProjectDependencies) = postProject
		{A57F2742-2E2C-3AE9-BF82-6A8F05D780B4} = {A57F2742-2E2C-3AE9-BF82-6A8F05D780B4}
	EndProjectSection
EndProject
Project("{8BC9CEB8-8B4A-11D0-8D11-00A0C91BC942}") = "BulletXmlWorldImporter", "Extras\Serialize\BulletXmlWorldImporter\BulletXmlWorldImporter.vcxproj", "{DF64DF80-9458-3964-A3CE-09C3C5541D2F}"
	ProjectSection(ProjectDependencies) = postProject
		{A57F2742-2E2C-3AE9-BF82-6A8F05D780B4} = {A57F2742-2E2C-3AE9-BF82-6A8F05D780B4}
	EndProjectSection
EndProject
Project("{8BC9CEB8-8B4A-11D0-8D11-00A0C91BC942}") = "BussIK", "examples\ThirdPartyLibs\BussIK\BussIK.vcxproj", "{21284F7C-687C-30AB-AD88-31D18B298ACB}"
	ProjectSection(ProjectDependencies) = postProject
		{A57F2742-2E2C-3AE9-BF82-6A8F05D780B4} = {A57F2742-2E2C-3AE9-BF82-6A8F05D780B4}
	EndProjectSection
EndProject
Project("{8BC9CEB8-8B4A-11D0-8D11-00A0C91BC942}") = "ConvexDecomposition", "Extras\ConvexDecomposition\ConvexDecomposition.vcxproj", "{EFF973C3-3E53-3090-AF1E-67223C5CCB66}"
	ProjectSection(ProjectDependencies) = postProject
		{A57F2742-2E2C-3AE9-BF82-6A8F05D780B4} = {A57F2742-2E2C-3AE9-BF82-6A8F05D780B4}
	EndProjectSection
EndProject
Project("{8BC9CEB8-8B4A-11D0-8D11-00A0C91BC942}") = "GIMPACTUtils", "Extras\GIMPACTUtils\GIMPACTUtils.vcxproj", "{4C8878F0-56C5-3D6B-A730-CF19897DFCAD}"
	ProjectSection(ProjectDependencies) = postProject
		{A57F2742-2E2C-3AE9-BF82-6A8F05D780B4} = {A57F2742-2E2C-3AE9-BF82-6A8F05D780B4}
	EndProjectSection
EndProject
Project("{8BC9CEB8-8B4A-11D0-8D11-00A0C91BC942}") = "HACD", "Extras\HACD\HACD.vcxproj", "{9DA07583-4D82-395B-B041-3C56E8E5E823}"
	ProjectSection(ProjectDependencies) = postProject
		{A57F2742-2E2C-3AE9-BF82-6A8F05D780B4} = {A57F2742-2E2C-3AE9-BF82-6A8F05D780B4}
	EndProjectSection
EndProject
Project("{8BC9CEB8-8B4A-11D0-8D11-00A0C91BC942}") = "INSTALL", "INSTALL.vcxproj", "{A259D1BE-AC3E-337E-A912-CB9E1011FC3C}"
	ProjectSection(ProjectDependencies) = postProject
		{7DA91C35-083E-3444-B4CD-C00653259385} = {7DA91C35-083E-3444-B4CD-C00653259385}
		{A57F2742-2E2C-3AE9-BF82-6A8F05D780B4} = {A57F2742-2E2C-3AE9-BF82-6A8F05D780B4}
	EndProjectSection
EndProject
Project("{8BC9CEB8-8B4A-11D0-8D11-00A0C91BC942}") = "LinearMath", "src\LinearMath\LinearMath.vcxproj", "{78AD6BF5-580D-3EC5-A081-0990207FF91A}"
	ProjectSection(ProjectDependencies) = postProject
		{A57F2742-2E2C-3AE9-BF82-6A8F05D780B4} = {A57F2742-2E2C-3AE9-BF82-6A8F05D780B4}
	EndProjectSection
EndProject
Project("{8BC9CEB8-8B4A-11D0-8D11-00A0C91BC942}") = "OpenGLWindow", "examples\OpenGLWindow\OpenGLWindow.vcxproj", "{326F5E2E-7DE4-37E8-9279-3CEB22E10291}"
	ProjectSection(ProjectDependencies) = postProject
		{A57F2742-2E2C-3AE9-BF82-6A8F05D780B4} = {A57F2742-2E2C-3AE9-BF82-6A8F05D780B4}
	EndProjectSection
EndProject
Project("{8BC9CEB8-8B4A-11D0-8D11-00A0C91BC942}") = "RUN_TESTS", "RUN_TESTS.vcxproj", "{E44B06D9-674D-3778-AD9B-60FAB490902F}"
	ProjectSection(ProjectDependencies) = postProject
		{A57F2742-2E2C-3AE9-BF82-6A8F05D780B4} = {A57F2742-2E2C-3AE9-BF82-6A8F05D780B4}
	EndProjectSection
EndProject
Project("{8BC9CEB8-8B4A-11D0-8D11-00A0C91BC942}") = "Test_BulletDynamics", "test\BulletDynamics\pendulum\Test_BulletDynamics.vcxproj", "{FD342F90-539A-3085-B91E-BFA4FDC38C72}"
	ProjectSection(ProjectDependencies) = postProject
		{51F3E36F-85E0-35F5-B051-393FDCCE3921} = {51F3E36F-85E0-35F5-B051-393FDCCE3921}
		{DBE8BA33-150E-32D1-83DE-863D892726A5} = {DBE8BA33-150E-32D1-83DE-863D892726A5}
		{78AD6BF5-580D-3EC5-A081-0990207FF91A} = {78AD6BF5-580D-3EC5-A081-0990207FF91A}
		{A57F2742-2E2C-3AE9-BF82-6A8F05D780B4} = {A57F2742-2E2C-3AE9-BF82-6A8F05D780B4}
		{6867A373-2694-34C5-8A08-9F077772EC3E} = {6867A373-2694-34C5-8A08-9F077772EC3E}
	EndProjectSection
EndProject
Project("{8BC9CEB8-8B4A-11D0-8D11-00A0C91BC942}") = "Test_BulletInverseDynamics", "test\InverseDynamics\Test_BulletInverseDynamics.vcxproj", "{88FDCBCB-9D6B-323F-BC5A-02E8AF9F343F}"
	ProjectSection(ProjectDependencies) = postProject
		{DC45121B-2E69-3136-B93D-BC0452ED68B9} = {DC45121B-2E69-3136-B93D-BC0452ED68B9}
		{51F3E36F-85E0-35F5-B051-393FDCCE3921} = {51F3E36F-85E0-35F5-B051-393FDCCE3921}
		{DBE8BA33-150E-32D1-83DE-863D892726A5} = {DBE8BA33-150E-32D1-83DE-863D892726A5}
		{75968033-7349-3E4C-84A7-1EF55206E20F} = {75968033-7349-3E4C-84A7-1EF55206E20F}
		{670B7521-E507-3F17-902D-EE1A627ED889} = {670B7521-E507-3F17-902D-EE1A627ED889}
		{78AD6BF5-580D-3EC5-A081-0990207FF91A} = {78AD6BF5-580D-3EC5-A081-0990207FF91A}
		{A57F2742-2E2C-3AE9-BF82-6A8F05D780B4} = {A57F2742-2E2C-3AE9-BF82-6A8F05D780B4}
		{6867A373-2694-34C5-8A08-9F077772EC3E} = {6867A373-2694-34C5-8A08-9F077772EC3E}
	EndProjectSection
EndProject
Project("{8BC9CEB8-8B4A-11D0-8D11-00A0C91BC942}") = "Test_BulletInverseDynamicsJacobian", "test\InverseDynamics\Test_BulletInverseDynamicsJacobian.vcxproj", "{3F8133A8-3E71-3C64-8F04-E45B8958EB05}"
	ProjectSection(ProjectDependencies) = postProject
		{DC45121B-2E69-3136-B93D-BC0452ED68B9} = {DC45121B-2E69-3136-B93D-BC0452ED68B9}
		{75968033-7349-3E4C-84A7-1EF55206E20F} = {75968033-7349-3E4C-84A7-1EF55206E20F}
		{670B7521-E507-3F17-902D-EE1A627ED889} = {670B7521-E507-3F17-902D-EE1A627ED889}
		{78AD6BF5-580D-3EC5-A081-0990207FF91A} = {78AD6BF5-580D-3EC5-A081-0990207FF91A}
		{A57F2742-2E2C-3AE9-BF82-6A8F05D780B4} = {A57F2742-2E2C-3AE9-BF82-6A8F05D780B4}
		{6867A373-2694-34C5-8A08-9F077772EC3E} = {6867A373-2694-34C5-8A08-9F077772EC3E}
	EndProjectSection
EndProject
Project("{8BC9CEB8-8B4A-11D0-8D11-00A0C91BC942}") = "Test_BulletInverseForwardDynamics", "test\InverseDynamics\Test_BulletInverseForwardDynamics.vcxproj", "{B4E200AF-12F4-36EF-90E5-EE3AA11F64C7}"
	ProjectSection(ProjectDependencies) = postProject
		{DC45121B-2E69-3136-B93D-BC0452ED68B9} = {DC45121B-2E69-3136-B93D-BC0452ED68B9}
		{51F3E36F-85E0-35F5-B051-393FDCCE3921} = {51F3E36F-85E0-35F5-B051-393FDCCE3921}
		{DBE8BA33-150E-32D1-83DE-863D892726A5} = {DBE8BA33-150E-32D1-83DE-863D892726A5}
		{75968033-7349-3E4C-84A7-1EF55206E20F} = {75968033-7349-3E4C-84A7-1EF55206E20F}
		{670B7521-E507-3F17-902D-EE1A627ED889} = {670B7521-E507-3F17-902D-EE1A627ED889}
		{78AD6BF5-580D-3EC5-A081-0990207FF91A} = {78AD6BF5-580D-3EC5-A081-0990207FF91A}
		{A57F2742-2E2C-3AE9-BF82-6A8F05D780B4} = {A57F2742-2E2C-3AE9-BF82-6A8F05D780B4}
		{6867A373-2694-34C5-8A08-9F077772EC3E} = {6867A373-2694-34C5-8A08-9F077772EC3E}
	EndProjectSection
EndProject
Project("{8BC9CEB8-8B4A-11D0-8D11-00A0C91BC942}") = "Test_Collision", "test\collision\Test_Collision.vcxproj", "{4071558B-D56D-3113-903B-8D82048191DF}"
	ProjectSection(ProjectDependencies) = postProject
		{78AD6BF5-580D-3EC5-A081-0990207FF91A} = {78AD6BF5-580D-3EC5-A081-0990207FF91A}
		{A57F2742-2E2C-3AE9-BF82-6A8F05D780B4} = {A57F2742-2E2C-3AE9-BF82-6A8F05D780B4}
		{6867A373-2694-34C5-8A08-9F077772EC3E} = {6867A373-2694-34C5-8A08-9F077772EC3E}
	EndProjectSection
EndProject
Project("{8BC9CEB8-8B4A-11D0-8D11-00A0C91BC942}") = "Test_PhysicsClientServer", "test\SharedMemory\Test_PhysicsClientServer.vcxproj", "{DDB74FDA-9082-3BF5-953A-25082E4E49A8}"
	ProjectSection(ProjectDependencies) = postProject
		{DC45121B-2E69-3136-B93D-BC0452ED68B9} = {DC45121B-2E69-3136-B93D-BC0452ED68B9}
		{51F3E36F-85E0-35F5-B051-393FDCCE3921} = {51F3E36F-85E0-35F5-B051-393FDCCE3921}
		{DBE8BA33-150E-32D1-83DE-863D892726A5} = {DBE8BA33-150E-32D1-83DE-863D892726A5}
		{35241BD4-061C-3A3E-A392-F9F95C26074E} = {35241BD4-061C-3A3E-A392-F9F95C26074E}
		{75968033-7349-3E4C-84A7-1EF55206E20F} = {75968033-7349-3E4C-84A7-1EF55206E20F}
		{670B7521-E507-3F17-902D-EE1A627ED889} = {670B7521-E507-3F17-902D-EE1A627ED889}
		{A2492AD1-26B3-37FA-9422-8F258064F309} = {A2492AD1-26B3-37FA-9422-8F258064F309}
		{21284F7C-687C-30AB-AD88-31D18B298ACB} = {21284F7C-687C-30AB-AD88-31D18B298ACB}
		{78AD6BF5-580D-3EC5-A081-0990207FF91A} = {78AD6BF5-580D-3EC5-A081-0990207FF91A}
		{A57F2742-2E2C-3AE9-BF82-6A8F05D780B4} = {A57F2742-2E2C-3AE9-BF82-6A8F05D780B4}
		{6867A373-2694-34C5-8A08-9F077772EC3E} = {6867A373-2694-34C5-8A08-9F077772EC3E}
	EndProjectSection
EndProject
Project("{8BC9CEB8-8B4A-11D0-8D11-00A0C91BC942}") = "Test_btKinematicCharacterController", "test\BulletDynamics\Test_btKinematicCharacterController.vcxproj", "{FF1712ED-2159-3575-A4DC-8C9052D08C36}"
	ProjectSection(ProjectDependencies) = postProject
		{51F3E36F-85E0-35F5-B051-393FDCCE3921} = {51F3E36F-85E0-35F5-B051-393FDCCE3921}
		{DBE8BA33-150E-32D1-83DE-863D892726A5} = {DBE8BA33-150E-32D1-83DE-863D892726A5}
		{78AD6BF5-580D-3EC5-A081-0990207FF91A} = {78AD6BF5-580D-3EC5-A081-0990207FF91A}
		{A57F2742-2E2C-3AE9-BF82-6A8F05D780B4} = {A57F2742-2E2C-3AE9-BF82-6A8F05D780B4}
		{6867A373-2694-34C5-8A08-9F077772EC3E} = {6867A373-2694-34C5-8A08-9F077772EC3E}
	EndProjectSection
EndProject
Project("{8BC9CEB8-8B4A-11D0-8D11-00A0C91BC942}") = "ZERO_CHECK", "ZERO_CHECK.vcxproj", "{A57F2742-2E2C-3AE9-BF82-6A8F05D780B4}"
	ProjectSection(ProjectDependencies) = postProject
	EndProjectSection
EndProject
Project("{8BC9CEB8-8B4A-11D0-8D11-00A0C91BC942}") = "clsocket", "examples\ThirdPartyLibs\clsocket\clsocket.vcxproj", "{4D566E7A-812A-34F3-B874-F1EB13D24BB2}"
	ProjectSection(ProjectDependencies) = postProject
		{A57F2742-2E2C-3AE9-BF82-6A8F05D780B4} = {A57F2742-2E2C-3AE9-BF82-6A8F05D780B4}
	EndProjectSection
EndProject
Project("{8BC9CEB8-8B4A-11D0-8D11-00A0C91BC942}") = "gtest", "test\gtest-1.7.0\gtest.vcxproj", "{6867A373-2694-34C5-8A08-9F077772EC3E}"
	ProjectSection(ProjectDependencies) = postProject
		{A57F2742-2E2C-3AE9-BF82-6A8F05D780B4} = {A57F2742-2E2C-3AE9-BF82-6A8F05D780B4}
	EndProjectSection
EndProject
Project("{8BC9CEB8-8B4A-11D0-8D11-00A0C91BC942}") = "gwen", "examples\ThirdPartyLibs\Gwen\gwen.vcxproj", "{DAD48F19-CADE-3C8D-BCDE-41C21CB7C030}"
	ProjectSection(ProjectDependencies) = postProject
		{A57F2742-2E2C-3AE9-BF82-6A8F05D780B4} = {A57F2742-2E2C-3AE9-BF82-6A8F05D780B4}
	EndProjectSection
EndProject
Global
	GlobalSection(SolutionConfigurationPlatforms) = preSolution
		Debug|Win32 = Debug|Win32
		Release|Win32 = Release|Win32
		MinSizeRel|Win32 = MinSizeRel|Win32
		RelWithDebInfo|Win32 = RelWithDebInfo|Win32
	EndGlobalSection
	GlobalSection(ProjectConfigurationPlatforms) = postSolution
		{7DA91C35-083E-3444-B4CD-C00653259385}.Debug|Win32.ActiveCfg = Debug|Win32
		{7DA91C35-083E-3444-B4CD-C00653259385}.Debug|Win32.Build.0 = Debug|Win32
		{7DA91C35-083E-3444-B4CD-C00653259385}.Release|Win32.ActiveCfg = Release|Win32
		{7DA91C35-083E-3444-B4CD-C00653259385}.Release|Win32.Build.0 = Release|Win32
		{7DA91C35-083E-3444-B4CD-C00653259385}.MinSizeRel|Win32.ActiveCfg = MinSizeRel|Win32
		{7DA91C35-083E-3444-B4CD-C00653259385}.MinSizeRel|Win32.Build.0 = MinSizeRel|Win32
		{7DA91C35-083E-3444-B4CD-C00653259385}.RelWithDebInfo|Win32.ActiveCfg = RelWithDebInfo|Win32
		{7DA91C35-083E-3444-B4CD-C00653259385}.RelWithDebInfo|Win32.Build.0 = RelWithDebInfo|Win32
		{F35EF984-95A5-3E66-8EB7-CAADA5D58B2F}.Debug|Win32.ActiveCfg = Debug|Win32
		{F35EF984-95A5-3E66-8EB7-CAADA5D58B2F}.Debug|Win32.Build.0 = Debug|Win32
		{F35EF984-95A5-3E66-8EB7-CAADA5D58B2F}.Release|Win32.ActiveCfg = Release|Win32
		{F35EF984-95A5-3E66-8EB7-CAADA5D58B2F}.Release|Win32.Build.0 = Release|Win32
		{F35EF984-95A5-3E66-8EB7-CAADA5D58B2F}.MinSizeRel|Win32.ActiveCfg = MinSizeRel|Win32
		{F35EF984-95A5-3E66-8EB7-CAADA5D58B2F}.MinSizeRel|Win32.Build.0 = MinSizeRel|Win32
		{F35EF984-95A5-3E66-8EB7-CAADA5D58B2F}.RelWithDebInfo|Win32.ActiveCfg = RelWithDebInfo|Win32
		{F35EF984-95A5-3E66-8EB7-CAADA5D58B2F}.RelWithDebInfo|Win32.Build.0 = RelWithDebInfo|Win32
		{07E4E1B5-0413-33D2-868B-14D7C8703EF4}.Debug|Win32.ActiveCfg = Debug|Win32
		{07E4E1B5-0413-33D2-868B-14D7C8703EF4}.Debug|Win32.Build.0 = Debug|Win32
		{07E4E1B5-0413-33D2-868B-14D7C8703EF4}.Release|Win32.ActiveCfg = Release|Win32
		{07E4E1B5-0413-33D2-868B-14D7C8703EF4}.Release|Win32.Build.0 = Release|Win32
		{07E4E1B5-0413-33D2-868B-14D7C8703EF4}.MinSizeRel|Win32.ActiveCfg = MinSizeRel|Win32
		{07E4E1B5-0413-33D2-868B-14D7C8703EF4}.MinSizeRel|Win32.Build.0 = MinSizeRel|Win32
		{07E4E1B5-0413-33D2-868B-14D7C8703EF4}.RelWithDebInfo|Win32.ActiveCfg = RelWithDebInfo|Win32
		{07E4E1B5-0413-33D2-868B-14D7C8703EF4}.RelWithDebInfo|Win32.Build.0 = RelWithDebInfo|Win32
		{19C97FBF-2BB3-344D-BCC3-CAFED946F04A}.Debug|Win32.ActiveCfg = Debug|Win32
		{19C97FBF-2BB3-344D-BCC3-CAFED946F04A}.Debug|Win32.Build.0 = Debug|Win32
		{19C97FBF-2BB3-344D-BCC3-CAFED946F04A}.Release|Win32.ActiveCfg = Release|Win32
		{19C97FBF-2BB3-344D-BCC3-CAFED946F04A}.Release|Win32.Build.0 = Release|Win32
		{19C97FBF-2BB3-344D-BCC3-CAFED946F04A}.MinSizeRel|Win32.ActiveCfg = MinSizeRel|Win32
		{19C97FBF-2BB3-344D-BCC3-CAFED946F04A}.MinSizeRel|Win32.Build.0 = MinSizeRel|Win32
		{19C97FBF-2BB3-344D-BCC3-CAFED946F04A}.RelWithDebInfo|Win32.ActiveCfg = RelWithDebInfo|Win32
		{19C97FBF-2BB3-344D-BCC3-CAFED946F04A}.RelWithDebInfo|Win32.Build.0 = RelWithDebInfo|Win32
		{2698BC90-18B3-3452-9152-1638C0CA1720}.Debug|Win32.ActiveCfg = Debug|Win32
		{2698BC90-18B3-3452-9152-1638C0CA1720}.Debug|Win32.Build.0 = Debug|Win32
		{2698BC90-18B3-3452-9152-1638C0CA1720}.Release|Win32.ActiveCfg = Release|Win32
		{2698BC90-18B3-3452-9152-1638C0CA1720}.Release|Win32.Build.0 = Release|Win32
		{2698BC90-18B3-3452-9152-1638C0CA1720}.MinSizeRel|Win32.ActiveCfg = MinSizeRel|Win32
		{2698BC90-18B3-3452-9152-1638C0CA1720}.MinSizeRel|Win32.Build.0 = MinSizeRel|Win32
		{2698BC90-18B3-3452-9152-1638C0CA1720}.RelWithDebInfo|Win32.ActiveCfg = RelWithDebInfo|Win32
		{2698BC90-18B3-3452-9152-1638C0CA1720}.RelWithDebInfo|Win32.Build.0 = RelWithDebInfo|Win32
		{F0DC4CA0-9B3F-3DC4-B80E-6010672106B2}.Debug|Win32.ActiveCfg = Debug|Win32
		{F0DC4CA0-9B3F-3DC4-B80E-6010672106B2}.Debug|Win32.Build.0 = Debug|Win32
		{F0DC4CA0-9B3F-3DC4-B80E-6010672106B2}.Release|Win32.ActiveCfg = Release|Win32
		{F0DC4CA0-9B3F-3DC4-B80E-6010672106B2}.Release|Win32.Build.0 = Release|Win32
		{F0DC4CA0-9B3F-3DC4-B80E-6010672106B2}.MinSizeRel|Win32.ActiveCfg = MinSizeRel|Win32
		{F0DC4CA0-9B3F-3DC4-B80E-6010672106B2}.MinSizeRel|Win32.Build.0 = MinSizeRel|Win32
		{F0DC4CA0-9B3F-3DC4-B80E-6010672106B2}.RelWithDebInfo|Win32.ActiveCfg = RelWithDebInfo|Win32
		{F0DC4CA0-9B3F-3DC4-B80E-6010672106B2}.RelWithDebInfo|Win32.Build.0 = RelWithDebInfo|Win32
		{169196A5-07AB-3542-BA57-CB5F9AA996D0}.Debug|Win32.ActiveCfg = Debug|Win32
		{169196A5-07AB-3542-BA57-CB5F9AA996D0}.Debug|Win32.Build.0 = Debug|Win32
		{169196A5-07AB-3542-BA57-CB5F9AA996D0}.Release|Win32.ActiveCfg = Release|Win32
		{169196A5-07AB-3542-BA57-CB5F9AA996D0}.Release|Win32.Build.0 = Release|Win32
		{169196A5-07AB-3542-BA57-CB5F9AA996D0}.MinSizeRel|Win32.ActiveCfg = MinSizeRel|Win32
		{169196A5-07AB-3542-BA57-CB5F9AA996D0}.MinSizeRel|Win32.Build.0 = MinSizeRel|Win32
		{169196A5-07AB-3542-BA57-CB5F9AA996D0}.RelWithDebInfo|Win32.ActiveCfg = RelWithDebInfo|Win32
		{169196A5-07AB-3542-BA57-CB5F9AA996D0}.RelWithDebInfo|Win32.Build.0 = RelWithDebInfo|Win32
		{427818C9-C249-3D0D-A80C-4D997376E07E}.Debug|Win32.ActiveCfg = Debug|Win32
		{427818C9-C249-3D0D-A80C-4D997376E07E}.Debug|Win32.Build.0 = Debug|Win32
		{427818C9-C249-3D0D-A80C-4D997376E07E}.Release|Win32.ActiveCfg = Release|Win32
		{427818C9-C249-3D0D-A80C-4D997376E07E}.Release|Win32.Build.0 = Release|Win32
		{427818C9-C249-3D0D-A80C-4D997376E07E}.MinSizeRel|Win32.ActiveCfg = MinSizeRel|Win32
		{427818C9-C249-3D0D-A80C-4D997376E07E}.MinSizeRel|Win32.Build.0 = MinSizeRel|Win32
		{427818C9-C249-3D0D-A80C-4D997376E07E}.RelWithDebInfo|Win32.ActiveCfg = RelWithDebInfo|Win32
		{427818C9-C249-3D0D-A80C-4D997376E07E}.RelWithDebInfo|Win32.Build.0 = RelWithDebInfo|Win32
		{F53F4863-B5B7-36B6-AE06-F91452089F9F}.Debug|Win32.ActiveCfg = Debug|Win32
		{F53F4863-B5B7-36B6-AE06-F91452089F9F}.Debug|Win32.Build.0 = Debug|Win32
		{F53F4863-B5B7-36B6-AE06-F91452089F9F}.Release|Win32.ActiveCfg = Release|Win32
		{F53F4863-B5B7-36B6-AE06-F91452089F9F}.Release|Win32.Build.0 = Release|Win32
		{F53F4863-B5B7-36B6-AE06-F91452089F9F}.MinSizeRel|Win32.ActiveCfg = MinSizeRel|Win32
		{F53F4863-B5B7-36B6-AE06-F91452089F9F}.MinSizeRel|Win32.Build.0 = MinSizeRel|Win32
		{F53F4863-B5B7-36B6-AE06-F91452089F9F}.RelWithDebInfo|Win32.ActiveCfg = RelWithDebInfo|Win32
		{F53F4863-B5B7-36B6-AE06-F91452089F9F}.RelWithDebInfo|Win32.Build.0 = RelWithDebInfo|Win32
		{D19CB633-5AB2-3A44-829E-870410AEAB50}.Debug|Win32.ActiveCfg = Debug|Win32
		{D19CB633-5AB2-3A44-829E-870410AEAB50}.Debug|Win32.Build.0 = Debug|Win32
		{D19CB633-5AB2-3A44-829E-870410AEAB50}.Release|Win32.ActiveCfg = Release|Win32
		{D19CB633-5AB2-3A44-829E-870410AEAB50}.Release|Win32.Build.0 = Release|Win32
		{D19CB633-5AB2-3A44-829E-870410AEAB50}.MinSizeRel|Win32.ActiveCfg = MinSizeRel|Win32
		{D19CB633-5AB2-3A44-829E-870410AEAB50}.MinSizeRel|Win32.Build.0 = MinSizeRel|Win32
		{D19CB633-5AB2-3A44-829E-870410AEAB50}.RelWithDebInfo|Win32.ActiveCfg = RelWithDebInfo|Win32
		{D19CB633-5AB2-3A44-829E-870410AEAB50}.RelWithDebInfo|Win32.Build.0 = RelWithDebInfo|Win32
		{69358739-2C99-3848-ACA1-A47394465B83}.Debug|Win32.ActiveCfg = Debug|Win32
		{69358739-2C99-3848-ACA1-A47394465B83}.Debug|Win32.Build.0 = Debug|Win32
		{69358739-2C99-3848-ACA1-A47394465B83}.Release|Win32.ActiveCfg = Release|Win32
		{69358739-2C99-3848-ACA1-A47394465B83}.Release|Win32.Build.0 = Release|Win32
		{69358739-2C99-3848-ACA1-A47394465B83}.MinSizeRel|Win32.ActiveCfg = MinSizeRel|Win32
		{69358739-2C99-3848-ACA1-A47394465B83}.MinSizeRel|Win32.Build.0 = MinSizeRel|Win32
		{69358739-2C99-3848-ACA1-A47394465B83}.RelWithDebInfo|Win32.ActiveCfg = RelWithDebInfo|Win32
		{69358739-2C99-3848-ACA1-A47394465B83}.RelWithDebInfo|Win32.Build.0 = RelWithDebInfo|Win32
		{14239BD9-4276-337E-92AD-62DDD929FC04}.Debug|Win32.ActiveCfg = Debug|Win32
		{14239BD9-4276-337E-92AD-62DDD929FC04}.Debug|Win32.Build.0 = Debug|Win32
		{14239BD9-4276-337E-92AD-62DDD929FC04}.Release|Win32.ActiveCfg = Release|Win32
		{14239BD9-4276-337E-92AD-62DDD929FC04}.Release|Win32.Build.0 = Release|Win32
		{14239BD9-4276-337E-92AD-62DDD929FC04}.MinSizeRel|Win32.ActiveCfg = MinSizeRel|Win32
		{14239BD9-4276-337E-92AD-62DDD929FC04}.MinSizeRel|Win32.Build.0 = MinSizeRel|Win32
		{14239BD9-4276-337E-92AD-62DDD929FC04}.RelWithDebInfo|Win32.ActiveCfg = RelWithDebInfo|Win32
		{14239BD9-4276-337E-92AD-62DDD929FC04}.RelWithDebInfo|Win32.Build.0 = RelWithDebInfo|Win32
		{DC45121B-2E69-3136-B93D-BC0452ED68B9}.Debug|Win32.ActiveCfg = Debug|Win32
		{DC45121B-2E69-3136-B93D-BC0452ED68B9}.Debug|Win32.Build.0 = Debug|Win32
		{DC45121B-2E69-3136-B93D-BC0452ED68B9}.Release|Win32.ActiveCfg = Release|Win32
		{DC45121B-2E69-3136-B93D-BC0452ED68B9}.Release|Win32.Build.0 = Release|Win32
		{DC45121B-2E69-3136-B93D-BC0452ED68B9}.MinSizeRel|Win32.ActiveCfg = MinSizeRel|Win32
		{DC45121B-2E69-3136-B93D-BC0452ED68B9}.MinSizeRel|Win32.Build.0 = MinSizeRel|Win32
		{DC45121B-2E69-3136-B93D-BC0452ED68B9}.RelWithDebInfo|Win32.ActiveCfg = RelWithDebInfo|Win32
		{DC45121B-2E69-3136-B93D-BC0452ED68B9}.RelWithDebInfo|Win32.Build.0 = RelWithDebInfo|Win32
		{A7484B72-0A90-3B92-A618-6953935B179A}.Debug|Win32.ActiveCfg = Debug|Win32
		{A7484B72-0A90-3B92-A618-6953935B179A}.Debug|Win32.Build.0 = Debug|Win32
		{A7484B72-0A90-3B92-A618-6953935B179A}.Release|Win32.ActiveCfg = Release|Win32
		{A7484B72-0A90-3B92-A618-6953935B179A}.Release|Win32.Build.0 = Release|Win32
		{A7484B72-0A90-3B92-A618-6953935B179A}.MinSizeRel|Win32.ActiveCfg = MinSizeRel|Win32
		{A7484B72-0A90-3B92-A618-6953935B179A}.MinSizeRel|Win32.Build.0 = MinSizeRel|Win32
		{A7484B72-0A90-3B92-A618-6953935B179A}.RelWithDebInfo|Win32.ActiveCfg = RelWithDebInfo|Win32
		{A7484B72-0A90-3B92-A618-6953935B179A}.RelWithDebInfo|Win32.Build.0 = RelWithDebInfo|Win32
		{71AE2FE0-3F18-34A0-B5D9-8A824E1553C9}.Debug|Win32.ActiveCfg = Debug|Win32
		{71AE2FE0-3F18-34A0-B5D9-8A824E1553C9}.Debug|Win32.Build.0 = Debug|Win32
		{71AE2FE0-3F18-34A0-B5D9-8A824E1553C9}.Release|Win32.ActiveCfg = Release|Win32
		{71AE2FE0-3F18-34A0-B5D9-8A824E1553C9}.Release|Win32.Build.0 = Release|Win32
		{71AE2FE0-3F18-34A0-B5D9-8A824E1553C9}.MinSizeRel|Win32.ActiveCfg = MinSizeRel|Win32
		{71AE2FE0-3F18-34A0-B5D9-8A824E1553C9}.MinSizeRel|Win32.Build.0 = MinSizeRel|Win32
		{71AE2FE0-3F18-34A0-B5D9-8A824E1553C9}.RelWithDebInfo|Win32.ActiveCfg = RelWithDebInfo|Win32
		{71AE2FE0-3F18-34A0-B5D9-8A824E1553C9}.RelWithDebInfo|Win32.Build.0 = RelWithDebInfo|Win32
		{2B50B984-DD5D-3729-8D9D-864F9D0B6A54}.Debug|Win32.ActiveCfg = Debug|Win32
		{2B50B984-DD5D-3729-8D9D-864F9D0B6A54}.Debug|Win32.Build.0 = Debug|Win32
		{2B50B984-DD5D-3729-8D9D-864F9D0B6A54}.Release|Win32.ActiveCfg = Release|Win32
		{2B50B984-DD5D-3729-8D9D-864F9D0B6A54}.Release|Win32.Build.0 = Release|Win32
		{2B50B984-DD5D-3729-8D9D-864F9D0B6A54}.MinSizeRel|Win32.ActiveCfg = MinSizeRel|Win32
		{2B50B984-DD5D-3729-8D9D-864F9D0B6A54}.MinSizeRel|Win32.Build.0 = MinSizeRel|Win32
		{2B50B984-DD5D-3729-8D9D-864F9D0B6A54}.RelWithDebInfo|Win32.ActiveCfg = RelWithDebInfo|Win32
		{2B50B984-DD5D-3729-8D9D-864F9D0B6A54}.RelWithDebInfo|Win32.Build.0 = RelWithDebInfo|Win32
		{51F3E36F-85E0-35F5-B051-393FDCCE3921}.Debug|Win32.ActiveCfg = Debug|Win32
		{51F3E36F-85E0-35F5-B051-393FDCCE3921}.Debug|Win32.Build.0 = Debug|Win32
		{51F3E36F-85E0-35F5-B051-393FDCCE3921}.Release|Win32.ActiveCfg = Release|Win32
		{51F3E36F-85E0-35F5-B051-393FDCCE3921}.Release|Win32.Build.0 = Release|Win32
		{51F3E36F-85E0-35F5-B051-393FDCCE3921}.MinSizeRel|Win32.ActiveCfg = MinSizeRel|Win32
		{51F3E36F-85E0-35F5-B051-393FDCCE3921}.MinSizeRel|Win32.Build.0 = MinSizeRel|Win32
		{51F3E36F-85E0-35F5-B051-393FDCCE3921}.RelWithDebInfo|Win32.ActiveCfg = RelWithDebInfo|Win32
		{51F3E36F-85E0-35F5-B051-393FDCCE3921}.RelWithDebInfo|Win32.Build.0 = RelWithDebInfo|Win32
		{DBE8BA33-150E-32D1-83DE-863D892726A5}.Debug|Win32.ActiveCfg = Debug|Win32
		{DBE8BA33-150E-32D1-83DE-863D892726A5}.Debug|Win32.Build.0 = Debug|Win32
		{DBE8BA33-150E-32D1-83DE-863D892726A5}.Release|Win32.ActiveCfg = Release|Win32
		{DBE8BA33-150E-32D1-83DE-863D892726A5}.Release|Win32.Build.0 = Release|Win32
		{DBE8BA33-150E-32D1-83DE-863D892726A5}.MinSizeRel|Win32.ActiveCfg = MinSizeRel|Win32
		{DBE8BA33-150E-32D1-83DE-863D892726A5}.MinSizeRel|Win32.Build.0 = MinSizeRel|Win32
		{DBE8BA33-150E-32D1-83DE-863D892726A5}.RelWithDebInfo|Win32.ActiveCfg = RelWithDebInfo|Win32
		{DBE8BA33-150E-32D1-83DE-863D892726A5}.RelWithDebInfo|Win32.Build.0 = RelWithDebInfo|Win32
		{5E3920FE-FF62-31C3-94A9-6E28BC6C3C8C}.Debug|Win32.ActiveCfg = Debug|Win32
		{5E3920FE-FF62-31C3-94A9-6E28BC6C3C8C}.Debug|Win32.Build.0 = Debug|Win32
		{5E3920FE-FF62-31C3-94A9-6E28BC6C3C8C}.Release|Win32.ActiveCfg = Release|Win32
		{5E3920FE-FF62-31C3-94A9-6E28BC6C3C8C}.Release|Win32.Build.0 = Release|Win32
		{5E3920FE-FF62-31C3-94A9-6E28BC6C3C8C}.MinSizeRel|Win32.ActiveCfg = MinSizeRel|Win32
		{5E3920FE-FF62-31C3-94A9-6E28BC6C3C8C}.MinSizeRel|Win32.Build.0 = MinSizeRel|Win32
		{5E3920FE-FF62-31C3-94A9-6E28BC6C3C8C}.RelWithDebInfo|Win32.ActiveCfg = RelWithDebInfo|Win32
		{5E3920FE-FF62-31C3-94A9-6E28BC6C3C8C}.RelWithDebInfo|Win32.Build.0 = RelWithDebInfo|Win32
		{35241BD4-061C-3A3E-A392-F9F95C26074E}.Debug|Win32.ActiveCfg = Debug|Win32
		{35241BD4-061C-3A3E-A392-F9F95C26074E}.Debug|Win32.Build.0 = Debug|Win32
		{35241BD4-061C-3A3E-A392-F9F95C26074E}.Release|Win32.ActiveCfg = Release|Win32
		{35241BD4-061C-3A3E-A392-F9F95C26074E}.Release|Win32.Build.0 = Release|Win32
		{35241BD4-061C-3A3E-A392-F9F95C26074E}.MinSizeRel|Win32.ActiveCfg = MinSizeRel|Win32
		{35241BD4-061C-3A3E-A392-F9F95C26074E}.MinSizeRel|Win32.Build.0 = MinSizeRel|Win32
		{35241BD4-061C-3A3E-A392-F9F95C26074E}.RelWithDebInfo|Win32.ActiveCfg = RelWithDebInfo|Win32
		{35241BD4-061C-3A3E-A392-F9F95C26074E}.RelWithDebInfo|Win32.Build.0 = RelWithDebInfo|Win32
		{75968033-7349-3E4C-84A7-1EF55206E20F}.Debug|Win32.ActiveCfg = Debug|Win32
		{75968033-7349-3E4C-84A7-1EF55206E20F}.Debug|Win32.Build.0 = Debug|Win32
		{75968033-7349-3E4C-84A7-1EF55206E20F}.Release|Win32.ActiveCfg = Release|Win32
		{75968033-7349-3E4C-84A7-1EF55206E20F}.Release|Win32.Build.0 = Release|Win32
		{75968033-7349-3E4C-84A7-1EF55206E20F}.MinSizeRel|Win32.ActiveCfg = MinSizeRel|Win32
		{75968033-7349-3E4C-84A7-1EF55206E20F}.MinSizeRel|Win32.Build.0 = MinSizeRel|Win32
		{75968033-7349-3E4C-84A7-1EF55206E20F}.RelWithDebInfo|Win32.ActiveCfg = RelWithDebInfo|Win32
		{75968033-7349-3E4C-84A7-1EF55206E20F}.RelWithDebInfo|Win32.Build.0 = RelWithDebInfo|Win32
		{670B7521-E507-3F17-902D-EE1A627ED889}.Debug|Win32.ActiveCfg = Debug|Win32
		{670B7521-E507-3F17-902D-EE1A627ED889}.Debug|Win32.Build.0 = Debug|Win32
		{670B7521-E507-3F17-902D-EE1A627ED889}.Release|Win32.ActiveCfg = Release|Win32
		{670B7521-E507-3F17-902D-EE1A627ED889}.Release|Win32.Build.0 = Release|Win32
		{670B7521-E507-3F17-902D-EE1A627ED889}.MinSizeRel|Win32.ActiveCfg = MinSizeRel|Win32
		{670B7521-E507-3F17-902D-EE1A627ED889}.MinSizeRel|Win32.Build.0 = MinSizeRel|Win32
		{670B7521-E507-3F17-902D-EE1A627ED889}.RelWithDebInfo|Win32.ActiveCfg = RelWithDebInfo|Win32
		{670B7521-E507-3F17-902D-EE1A627ED889}.RelWithDebInfo|Win32.Build.0 = RelWithDebInfo|Win32
		{426C8113-D9BF-343F-B0ED-8B77342E8F49}.Debug|Win32.ActiveCfg = Debug|Win32
		{426C8113-D9BF-343F-B0ED-8B77342E8F49}.Debug|Win32.Build.0 = Debug|Win32
		{426C8113-D9BF-343F-B0ED-8B77342E8F49}.Release|Win32.ActiveCfg = Release|Win32
		{426C8113-D9BF-343F-B0ED-8B77342E8F49}.Release|Win32.Build.0 = Release|Win32
		{426C8113-D9BF-343F-B0ED-8B77342E8F49}.MinSizeRel|Win32.ActiveCfg = MinSizeRel|Win32
		{426C8113-D9BF-343F-B0ED-8B77342E8F49}.MinSizeRel|Win32.Build.0 = MinSizeRel|Win32
		{426C8113-D9BF-343F-B0ED-8B77342E8F49}.RelWithDebInfo|Win32.ActiveCfg = RelWithDebInfo|Win32
		{426C8113-D9BF-343F-B0ED-8B77342E8F49}.RelWithDebInfo|Win32.Build.0 = RelWithDebInfo|Win32
		{A2492AD1-26B3-37FA-9422-8F258064F309}.Debug|Win32.ActiveCfg = Debug|Win32
		{A2492AD1-26B3-37FA-9422-8F258064F309}.Debug|Win32.Build.0 = Debug|Win32
		{A2492AD1-26B3-37FA-9422-8F258064F309}.Release|Win32.ActiveCfg = Release|Win32
		{A2492AD1-26B3-37FA-9422-8F258064F309}.Release|Win32.Build.0 = Release|Win32
		{A2492AD1-26B3-37FA-9422-8F258064F309}.MinSizeRel|Win32.ActiveCfg = MinSizeRel|Win32
		{A2492AD1-26B3-37FA-9422-8F258064F309}.MinSizeRel|Win32.Build.0 = MinSizeRel|Win32
		{A2492AD1-26B3-37FA-9422-8F258064F309}.RelWithDebInfo|Win32.ActiveCfg = RelWithDebInfo|Win32
		{A2492AD1-26B3-37FA-9422-8F258064F309}.RelWithDebInfo|Win32.Build.0 = RelWithDebInfo|Win32
		{DF64DF80-9458-3964-A3CE-09C3C5541D2F}.Debug|Win32.ActiveCfg = Debug|Win32
		{DF64DF80-9458-3964-A3CE-09C3C5541D2F}.Debug|Win32.Build.0 = Debug|Win32
		{DF64DF80-9458-3964-A3CE-09C3C5541D2F}.Release|Win32.ActiveCfg = Release|Win32
		{DF64DF80-9458-3964-A3CE-09C3C5541D2F}.Release|Win32.Build.0 = Release|Win32
		{DF64DF80-9458-3964-A3CE-09C3C5541D2F}.MinSizeRel|Win32.ActiveCfg = MinSizeRel|Win32
		{DF64DF80-9458-3964-A3CE-09C3C5541D2F}.MinSizeRel|Win32.Build.0 = MinSizeRel|Win32
		{DF64DF80-9458-3964-A3CE-09C3C5541D2F}.RelWithDebInfo|Win32.ActiveCfg = RelWithDebInfo|Win32
		{DF64DF80-9458-3964-A3CE-09C3C5541D2F}.RelWithDebInfo|Win32.Build.0 = RelWithDebInfo|Win32
		{21284F7C-687C-30AB-AD88-31D18B298ACB}.Debug|Win32.ActiveCfg = Debug|Win32
		{21284F7C-687C-30AB-AD88-31D18B298ACB}.Debug|Win32.Build.0 = Debug|Win32
		{21284F7C-687C-30AB-AD88-31D18B298ACB}.Release|Win32.ActiveCfg = Release|Win32
		{21284F7C-687C-30AB-AD88-31D18B298ACB}.Release|Win32.Build.0 = Release|Win32
		{21284F7C-687C-30AB-AD88-31D18B298ACB}.MinSizeRel|Win32.ActiveCfg = MinSizeRel|Win32
		{21284F7C-687C-30AB-AD88-31D18B298ACB}.MinSizeRel|Win32.Build.0 = MinSizeRel|Win32
		{21284F7C-687C-30AB-AD88-31D18B298ACB}.RelWithDebInfo|Win32.ActiveCfg = RelWithDebInfo|Win32
		{21284F7C-687C-30AB-AD88-31D18B298ACB}.RelWithDebInfo|Win32.Build.0 = RelWithDebInfo|Win32
		{EFF973C3-3E53-3090-AF1E-67223C5CCB66}.Debug|Win32.ActiveCfg = Debug|Win32
		{EFF973C3-3E53-3090-AF1E-67223C5CCB66}.Debug|Win32.Build.0 = Debug|Win32
		{EFF973C3-3E53-3090-AF1E-67223C5CCB66}.Release|Win32.ActiveCfg = Release|Win32
		{EFF973C3-3E53-3090-AF1E-67223C5CCB66}.Release|Win32.Build.0 = Release|Win32
		{EFF973C3-3E53-3090-AF1E-67223C5CCB66}.MinSizeRel|Win32.ActiveCfg = MinSizeRel|Win32
		{EFF973C3-3E53-3090-AF1E-67223C5CCB66}.MinSizeRel|Win32.Build.0 = MinSizeRel|Win32
		{EFF973C3-3E53-3090-AF1E-67223C5CCB66}.RelWithDebInfo|Win32.ActiveCfg = RelWithDebInfo|Win32
		{EFF973C3-3E53-3090-AF1E-67223C5CCB66}.RelWithDebInfo|Win32.Build.0 = RelWithDebInfo|Win32
		{4C8878F0-56C5-3D6B-A730-CF19897DFCAD}.Debug|Win32.ActiveCfg = Debug|Win32
		{4C8878F0-56C5-3D6B-A730-CF19897DFCAD}.Debug|Win32.Build.0 = Debug|Win32
		{4C8878F0-56C5-3D6B-A730-CF19897DFCAD}.Release|Win32.ActiveCfg = Release|Win32
		{4C8878F0-56C5-3D6B-A730-CF19897DFCAD}.Release|Win32.Build.0 = Release|Win32
		{4C8878F0-56C5-3D6B-A730-CF19897DFCAD}.MinSizeRel|Win32.ActiveCfg = MinSizeRel|Win32
		{4C8878F0-56C5-3D6B-A730-CF19897DFCAD}.MinSizeRel|Win32.Build.0 = MinSizeRel|Win32
		{4C8878F0-56C5-3D6B-A730-CF19897DFCAD}.RelWithDebInfo|Win32.ActiveCfg = RelWithDebInfo|Win32
		{4C8878F0-56C5-3D6B-A730-CF19897DFCAD}.RelWithDebInfo|Win32.Build.0 = RelWithDebInfo|Win32
		{9DA07583-4D82-395B-B041-3C56E8E5E823}.Debug|Win32.ActiveCfg = Debug|Win32
		{9DA07583-4D82-395B-B041-3C56E8E5E823}.Debug|Win32.Build.0 = Debug|Win32
		{9DA07583-4D82-395B-B041-3C56E8E5E823}.Release|Win32.ActiveCfg = Release|Win32
		{9DA07583-4D82-395B-B041-3C56E8E5E823}.Release|Win32.Build.0 = Release|Win32
		{9DA07583-4D82-395B-B041-3C56E8E5E823}.MinSizeRel|Win32.ActiveCfg = MinSizeRel|Win32
		{9DA07583-4D82-395B-B041-3C56E8E5E823}.MinSizeRel|Win32.Build.0 = MinSizeRel|Win32
		{9DA07583-4D82-395B-B041-3C56E8E5E823}.RelWithDebInfo|Win32.ActiveCfg = RelWithDebInfo|Win32
		{9DA07583-4D82-395B-B041-3C56E8E5E823}.RelWithDebInfo|Win32.Build.0 = RelWithDebInfo|Win32
		{A259D1BE-AC3E-337E-A912-CB9E1011FC3C}.Debug|Win32.ActiveCfg = Debug|Win32
		{A259D1BE-AC3E-337E-A912-CB9E1011FC3C}.Release|Win32.ActiveCfg = Release|Win32
		{A259D1BE-AC3E-337E-A912-CB9E1011FC3C}.MinSizeRel|Win32.ActiveCfg = MinSizeRel|Win32
		{A259D1BE-AC3E-337E-A912-CB9E1011FC3C}.RelWithDebInfo|Win32.ActiveCfg = RelWithDebInfo|Win32
		{78AD6BF5-580D-3EC5-A081-0990207FF91A}.Debug|Win32.ActiveCfg = Debug|Win32
		{78AD6BF5-580D-3EC5-A081-0990207FF91A}.Debug|Win32.Build.0 = Debug|Win32
		{78AD6BF5-580D-3EC5-A081-0990207FF91A}.Release|Win32.ActiveCfg = Release|Win32
		{78AD6BF5-580D-3EC5-A081-0990207FF91A}.Release|Win32.Build.0 = Release|Win32
		{78AD6BF5-580D-3EC5-A081-0990207FF91A}.MinSizeRel|Win32.ActiveCfg = MinSizeRel|Win32
		{78AD6BF5-580D-3EC5-A081-0990207FF91A}.MinSizeRel|Win32.Build.0 = MinSizeRel|Win32
		{78AD6BF5-580D-3EC5-A081-0990207FF91A}.RelWithDebInfo|Win32.ActiveCfg = RelWithDebInfo|Win32
		{78AD6BF5-580D-3EC5-A081-0990207FF91A}.RelWithDebInfo|Win32.Build.0 = RelWithDebInfo|Win32
		{326F5E2E-7DE4-37E8-9279-3CEB22E10291}.Debug|Win32.ActiveCfg = Debug|Win32
		{326F5E2E-7DE4-37E8-9279-3CEB22E10291}.Debug|Win32.Build.0 = Debug|Win32
		{326F5E2E-7DE4-37E8-9279-3CEB22E10291}.Release|Win32.ActiveCfg = Release|Win32
		{326F5E2E-7DE4-37E8-9279-3CEB22E10291}.Release|Win32.Build.0 = Release|Win32
		{326F5E2E-7DE4-37E8-9279-3CEB22E10291}.MinSizeRel|Win32.ActiveCfg = MinSizeRel|Win32
		{326F5E2E-7DE4-37E8-9279-3CEB22E10291}.MinSizeRel|Win32.Build.0 = MinSizeRel|Win32
		{326F5E2E-7DE4-37E8-9279-3CEB22E10291}.RelWithDebInfo|Win32.ActiveCfg = RelWithDebInfo|Win32
		{326F5E2E-7DE4-37E8-9279-3CEB22E10291}.RelWithDebInfo|Win32.Build.0 = RelWithDebInfo|Win32
		{E44B06D9-674D-3778-AD9B-60FAB490902F}.Debug|Win32.ActiveCfg = Debug|Win32
		{E44B06D9-674D-3778-AD9B-60FAB490902F}.Release|Win32.ActiveCfg = Release|Win32
		{E44B06D9-674D-3778-AD9B-60FAB490902F}.MinSizeRel|Win32.ActiveCfg = MinSizeRel|Win32
		{E44B06D9-674D-3778-AD9B-60FAB490902F}.RelWithDebInfo|Win32.ActiveCfg = RelWithDebInfo|Win32
		{FD342F90-539A-3085-B91E-BFA4FDC38C72}.Debug|Win32.ActiveCfg = Debug|Win32
		{FD342F90-539A-3085-B91E-BFA4FDC38C72}.Debug|Win32.Build.0 = Debug|Win32
		{FD342F90-539A-3085-B91E-BFA4FDC38C72}.Release|Win32.ActiveCfg = Release|Win32
		{FD342F90-539A-3085-B91E-BFA4FDC38C72}.Release|Win32.Build.0 = Release|Win32
		{FD342F90-539A-3085-B91E-BFA4FDC38C72}.MinSizeRel|Win32.ActiveCfg = MinSizeRel|Win32
		{FD342F90-539A-3085-B91E-BFA4FDC38C72}.MinSizeRel|Win32.Build.0 = MinSizeRel|Win32
		{FD342F90-539A-3085-B91E-BFA4FDC38C72}.RelWithDebInfo|Win32.ActiveCfg = RelWithDebInfo|Win32
		{FD342F90-539A-3085-B91E-BFA4FDC38C72}.RelWithDebInfo|Win32.Build.0 = RelWithDebInfo|Win32
		{88FDCBCB-9D6B-323F-BC5A-02E8AF9F343F}.Debug|Win32.ActiveCfg = Debug|Win32
		{88FDCBCB-9D6B-323F-BC5A-02E8AF9F343F}.Debug|Win32.Build.0 = Debug|Win32
		{88FDCBCB-9D6B-323F-BC5A-02E8AF9F343F}.Release|Win32.ActiveCfg = Release|Win32
		{88FDCBCB-9D6B-323F-BC5A-02E8AF9F343F}.Release|Win32.Build.0 = Release|Win32
		{88FDCBCB-9D6B-323F-BC5A-02E8AF9F343F}.MinSizeRel|Win32.ActiveCfg = MinSizeRel|Win32
		{88FDCBCB-9D6B-323F-BC5A-02E8AF9F343F}.MinSizeRel|Win32.Build.0 = MinSizeRel|Win32
		{88FDCBCB-9D6B-323F-BC5A-02E8AF9F343F}.RelWithDebInfo|Win32.ActiveCfg = RelWithDebInfo|Win32
		{88FDCBCB-9D6B-323F-BC5A-02E8AF9F343F}.RelWithDebInfo|Win32.Build.0 = RelWithDebInfo|Win32
		{3F8133A8-3E71-3C64-8F04-E45B8958EB05}.Debug|Win32.ActiveCfg = Debug|Win32
		{3F8133A8-3E71-3C64-8F04-E45B8958EB05}.Debug|Win32.Build.0 = Debug|Win32
		{3F8133A8-3E71-3C64-8F04-E45B8958EB05}.Release|Win32.ActiveCfg = Release|Win32
		{3F8133A8-3E71-3C64-8F04-E45B8958EB05}.Release|Win32.Build.0 = Release|Win32
		{3F8133A8-3E71-3C64-8F04-E45B8958EB05}.MinSizeRel|Win32.ActiveCfg = MinSizeRel|Win32
		{3F8133A8-3E71-3C64-8F04-E45B8958EB05}.MinSizeRel|Win32.Build.0 = MinSizeRel|Win32
		{3F8133A8-3E71-3C64-8F04-E45B8958EB05}.RelWithDebInfo|Win32.ActiveCfg = RelWithDebInfo|Win32
		{3F8133A8-3E71-3C64-8F04-E45B8958EB05}.RelWithDebInfo|Win32.Build.0 = RelWithDebInfo|Win32
		{B4E200AF-12F4-36EF-90E5-EE3AA11F64C7}.Debug|Win32.ActiveCfg = Debug|Win32
		{B4E200AF-12F4-36EF-90E5-EE3AA11F64C7}.Debug|Win32.Build.0 = Debug|Win32
		{B4E200AF-12F4-36EF-90E5-EE3AA11F64C7}.Release|Win32.ActiveCfg = Release|Win32
		{B4E200AF-12F4-36EF-90E5-EE3AA11F64C7}.Release|Win32.Build.0 = Release|Win32
		{B4E200AF-12F4-36EF-90E5-EE3AA11F64C7}.MinSizeRel|Win32.ActiveCfg = MinSizeRel|Win32
		{B4E200AF-12F4-36EF-90E5-EE3AA11F64C7}.MinSizeRel|Win32.Build.0 = MinSizeRel|Win32
		{B4E200AF-12F4-36EF-90E5-EE3AA11F64C7}.RelWithDebInfo|Win32.ActiveCfg = RelWithDebInfo|Win32
		{B4E200AF-12F4-36EF-90E5-EE3AA11F64C7}.RelWithDebInfo|Win32.Build.0 = RelWithDebInfo|Win32
		{4071558B-D56D-3113-903B-8D82048191DF}.Debug|Win32.ActiveCfg = Debug|Win32
		{4071558B-D56D-3113-903B-8D82048191DF}.Debug|Win32.Build.0 = Debug|Win32
		{4071558B-D56D-3113-903B-8D82048191DF}.Release|Win32.ActiveCfg = Release|Win32
		{4071558B-D56D-3113-903B-8D82048191DF}.Release|Win32.Build.0 = Release|Win32
		{4071558B-D56D-3113-903B-8D82048191DF}.MinSizeRel|Win32.ActiveCfg = MinSizeRel|Win32
		{4071558B-D56D-3113-903B-8D82048191DF}.MinSizeRel|Win32.Build.0 = MinSizeRel|Win32
		{4071558B-D56D-3113-903B-8D82048191DF}.RelWithDebInfo|Win32.ActiveCfg = RelWithDebInfo|Win32
		{4071558B-D56D-3113-903B-8D82048191DF}.RelWithDebInfo|Win32.Build.0 = RelWithDebInfo|Win32
		{DDB74FDA-9082-3BF5-953A-25082E4E49A8}.Debug|Win32.ActiveCfg = Debug|Win32
		{DDB74FDA-9082-3BF5-953A-25082E4E49A8}.Debug|Win32.Build.0 = Debug|Win32
		{DDB74FDA-9082-3BF5-953A-25082E4E49A8}.Release|Win32.ActiveCfg = Release|Win32
		{DDB74FDA-9082-3BF5-953A-25082E4E49A8}.Release|Win32.Build.0 = Release|Win32
		{DDB74FDA-9082-3BF5-953A-25082E4E49A8}.MinSizeRel|Win32.ActiveCfg = MinSizeRel|Win32
		{DDB74FDA-9082-3BF5-953A-25082E4E49A8}.MinSizeRel|Win32.Build.0 = MinSizeRel|Win32
		{DDB74FDA-9082-3BF5-953A-25082E4E49A8}.RelWithDebInfo|Win32.ActiveCfg = RelWithDebInfo|Win32
		{DDB74FDA-9082-3BF5-953A-25082E4E49A8}.RelWithDebInfo|Win32.Build.0 = RelWithDebInfo|Win32
		{FF1712ED-2159-3575-A4DC-8C9052D08C36}.Debug|Win32.ActiveCfg = Debug|Win32
		{FF1712ED-2159-3575-A4DC-8C9052D08C36}.Debug|Win32.Build.0 = Debug|Win32
		{FF1712ED-2159-3575-A4DC-8C9052D08C36}.Release|Win32.ActiveCfg = Release|Win32
		{FF1712ED-2159-3575-A4DC-8C9052D08C36}.Release|Win32.Build.0 = Release|Win32
		{FF1712ED-2159-3575-A4DC-8C9052D08C36}.MinSizeRel|Win32.ActiveCfg = MinSizeRel|Win32
		{FF1712ED-2159-3575-A4DC-8C9052D08C36}.MinSizeRel|Win32.Build.0 = MinSizeRel|Win32
		{FF1712ED-2159-3575-A4DC-8C9052D08C36}.RelWithDebInfo|Win32.ActiveCfg = RelWithDebInfo|Win32
		{FF1712ED-2159-3575-A4DC-8C9052D08C36}.RelWithDebInfo|Win32.Build.0 = RelWithDebInfo|Win32
		{A57F2742-2E2C-3AE9-BF82-6A8F05D780B4}.Debug|Win32.ActiveCfg = Debug|Win32
		{A57F2742-2E2C-3AE9-BF82-6A8F05D780B4}.Debug|Win32.Build.0 = Debug|Win32
		{A57F2742-2E2C-3AE9-BF82-6A8F05D780B4}.Release|Win32.ActiveCfg = Release|Win32
		{A57F2742-2E2C-3AE9-BF82-6A8F05D780B4}.Release|Win32.Build.0 = Release|Win32
		{A57F2742-2E2C-3AE9-BF82-6A8F05D780B4}.MinSizeRel|Win32.ActiveCfg = MinSizeRel|Win32
		{A57F2742-2E2C-3AE9-BF82-6A8F05D780B4}.MinSizeRel|Win32.Build.0 = MinSizeRel|Win32
		{A57F2742-2E2C-3AE9-BF82-6A8F05D780B4}.RelWithDebInfo|Win32.ActiveCfg = RelWithDebInfo|Win32
		{A57F2742-2E2C-3AE9-BF82-6A8F05D780B4}.RelWithDebInfo|Win32.Build.0 = RelWithDebInfo|Win32
		{4D566E7A-812A-34F3-B874-F1EB13D24BB2}.Debug|Win32.ActiveCfg = Debug|Win32
		{4D566E7A-812A-34F3-B874-F1EB13D24BB2}.Debug|Win32.Build.0 = Debug|Win32
		{4D566E7A-812A-34F3-B874-F1EB13D24BB2}.Release|Win32.ActiveCfg = Release|Win32
		{4D566E7A-812A-34F3-B874-F1EB13D24BB2}.Release|Win32.Build.0 = Release|Win32
		{4D566E7A-812A-34F3-B874-F1EB13D24BB2}.MinSizeRel|Win32.ActiveCfg = MinSizeRel|Win32
		{4D566E7A-812A-34F3-B874-F1EB13D24BB2}.MinSizeRel|Win32.Build.0 = MinSizeRel|Win32
		{4D566E7A-812A-34F3-B874-F1EB13D24BB2}.RelWithDebInfo|Win32.ActiveCfg = RelWithDebInfo|Win32
		{4D566E7A-812A-34F3-B874-F1EB13D24BB2}.RelWithDebInfo|Win32.Build.0 = RelWithDebInfo|Win32
		{6867A373-2694-34C5-8A08-9F077772EC3E}.Debug|Win32.ActiveCfg = Debug|Win32
		{6867A373-2694-34C5-8A08-9F077772EC3E}.Debug|Win32.Build.0 = Debug|Win32
		{6867A373-2694-34C5-8A08-9F077772EC3E}.Release|Win32.ActiveCfg = Release|Win32
		{6867A373-2694-34C5-8A08-9F077772EC3E}.Release|Win32.Build.0 = Release|Win32
		{6867A373-2694-34C5-8A08-9F077772EC3E}.MinSizeRel|Win32.ActiveCfg = MinSizeRel|Win32
		{6867A373-2694-34C5-8A08-9F077772EC3E}.MinSizeRel|Win32.Build.0 = MinSizeRel|Win32
		{6867A373-2694-34C5-8A08-9F077772EC3E}.RelWithDebInfo|Win32.ActiveCfg = RelWithDebInfo|Win32
		{6867A373-2694-34C5-8A08-9F077772EC3E}.RelWithDebInfo|Win32.Build.0 = RelWithDebInfo|Win32
		{DAD48F19-CADE-3C8D-BCDE-41C21CB7C030}.Debug|Win32.ActiveCfg = Debug|Win32
		{DAD48F19-CADE-3C8D-BCDE-41C21CB7C030}.Debug|Win32.Build.0 = Debug|Win32
		{DAD48F19-CADE-3C8D-BCDE-41C21CB7C030}.Release|Win32.ActiveCfg = Release|Win32
		{DAD48F19-CADE-3C8D-BCDE-41C21CB7C030}.Release|Win32.Build.0 = Release|Win32
		{DAD48F19-CADE-3C8D-BCDE-41C21CB7C030}.MinSizeRel|Win32.ActiveCfg = MinSizeRel|Win32
		{DAD48F19-CADE-3C8D-BCDE-41C21CB7C030}.MinSizeRel|Win32.Build.0 = MinSizeRel|Win32
		{DAD48F19-CADE-3C8D-BCDE-41C21CB7C030}.RelWithDebInfo|Win32.ActiveCfg = RelWithDebInfo|Win32
		{DAD48F19-CADE-3C8D-BCDE-41C21CB7C030}.RelWithDebInfo|Win32.Build.0 = RelWithDebInfo|Win32
	EndGlobalSection
	GlobalSection(ExtensibilityGlobals) = postSolution
	EndGlobalSection
	GlobalSection(ExtensibilityAddIns) = postSolution
	EndGlobalSection
EndGlobal
